
Microsoft Visual Studio Solution File, Format Version 12.00
# Visual Studio 15
Project("{FAE04EC0-301F-11D3-BF4B-00C04F79EFBC}") = "Testfortxt", "Testfortxt\Testfortxt.csproj", "{9BD6C4AD-5BE7-4203-B83E-CF800BA24981}"
EndProject
Global
	GlobalSection(SolutionConfigurationPlatforms) = preSolution
		Debug|Any CPU = Debug|Any CPU
		Release|Any CPU = Release|Any CPU
	EndGlobalSection
	GlobalSection(ProjectConfigurationPlatforms) = postSolution
		{9BD6C4AD-5BE7-4203-B83E-CF800BA24981}.Debug|Any CPU.ActiveCfg = Debug|Any CPU
		{9BD6C4AD-5BE7-4203-B83E-CF800BA24981}.Debug|Any CPU.Build.0 = Debug|Any CPU
		{9BD6C4AD-5BE7-4203-B83E-CF800BA24981}.Release|Any CPU.ActiveCfg = Release|Any CPU
		{9BD6C4AD-5BE7-4203-B83E-CF800BA24981}.Release|Any CPU.Build.0 = Release|Any CPU
	EndGlobalSection
EndGlobal
